
Microsoft Visual Studio Solution File, Format Version 12.00
# Visual Studio Version 16
VisualStudioVersion = 16.0.32413.511
MinimumVisualStudioVersion = 10.0.40219.1
Project("{FAE04EC0-301F-11D3-BF4B-00C04F79EFBC}") = "WCS_1-list", "WCS_1-list\WCS_1-list.csproj", "{522D469D-CE62-437F-AB57-97A151C20B77}"
EndProject
Global
	GlobalSection(SolutionConfigurationPlatforms) = preSolution
		Debug|Any CPU = Debug|Any CPU
		Release|Any CPU = Release|Any CPU
	EndGlobalSection
	GlobalSection(ProjectConfigurationPlatforms) = postSolution
		{522D469D-CE62-437F-AB57-97A151C20B77}.Debug|Any CPU.ActiveCfg = Debug|Any CPU
		{522D469D-CE62-437F-AB57-97A151C20B77}.Debug|Any CPU.Build.0 = Debug|Any CPU
		{522D469D-CE62-437F-AB57-97A151C20B77}.Release|Any CPU.ActiveCfg = Release|Any CPU
		{522D469D-CE62-437F-AB57-97A151C20B77}.Release|Any CPU.Build.0 = Release|Any CPU
	EndGlobalSection
	GlobalSection(SolutionProperties) = preSolution
		HideSolutionNode = FALSE
	EndGlobalSection
	GlobalSection(ExtensibilityGlobals) = postSolution
		SolutionGuid = {7DF24EF4-886C-407A-BCEB-BCD2EB6560F5}
	EndGlobalSection
EndGlobal
